
Microsoft Visual Studio Solution File, Format Version 12.00
# Visual Studio 15
VisualStudioVersion = 15.0.27703.2042
MinimumVisualStudioVersion = 10.0.40219.1
Project("{FAE04EC0-301F-11D3-BF4B-00C04F79EFBC}") = "CalcularTablas", "CalcularTablas\CalcularTablas.csproj", "{6A92B589-F419-40FE-9C5B-B4896D4CBE02}"
EndProject
Global
	GlobalSection(SolutionConfigurationPlatforms) = preSolution
		Debug|Any CPU = Debug|Any CPU
		Release|Any CPU = Release|Any CPU
	EndGlobalSection
	GlobalSection(ProjectConfigurationPlatforms) = postSolution
		{6A92B589-F419-40FE-9C5B-B4896D4CBE02}.Debug|Any CPU.ActiveCfg = Debug|Any CPU
		{6A92B589-F419-40FE-9C5B-B4896D4CBE02}.Debug|Any CPU.Build.0 = Debug|Any CPU
		{6A92B589-F419-40FE-9C5B-B4896D4CBE02}.Release|Any CPU.ActiveCfg = Release|Any CPU
		{6A92B589-F419-40FE-9C5B-B4896D4CBE02}.Release|Any CPU.Build.0 = Release|Any CPU
	EndGlobalSection
	GlobalSection(SolutionProperties) = preSolution
		HideSolutionNode = FALSE
	EndGlobalSection
	GlobalSection(ExtensibilityGlobals) = postSolution
		SolutionGuid = {2891B17A-C032-4AC5-B345-56E1756C3FFB}
	EndGlobalSection
EndGlobal
